
Microsoft Visual Studio Solution File, Format Version 12.00
# Visual Studio Version 16
VisualStudioVersion = 16.0.33927.289
MinimumVisualStudioVersion = 10.0.40219.1
Project("{2150E333-8FDC-42A3-9474-1A3956D46DE8}") = "Task0", "Task0", "{C18D3302-8D50-4ACB-B19F-0006949CCF36}"
EndProject
Project("{FAE04EC0-301F-11D3-BF4B-00C04F79EFBC}") = "Tyuiu.TolmachevVV.Sprint4.Task0.V14", "Tyuiu.TolmachevVV.Sprint4.Task0.V14\Tyuiu.TolmachevVV.Sprint4.Task0.V14.csproj", "{78D52D95-72D9-44F1-A420-A1DD79DAD742}"
EndProject
Project("{FAE04EC0-301F-11D3-BF4B-00C04F79EFBC}") = "Tyuiu.TolmachevVV.Sprint4.Task0.V14.Lib", "Tyuiu.TolmachevVV.Sprint4.Task0.V14.Lib\Tyuiu.TolmachevVV.Sprint4.Task0.V14.Lib.csproj", "{B24F96C5-2FAE-4673-9102-270A2172B16E}"
EndProject
Project("{FAE04EC0-301F-11D3-BF4B-00C04F79EFBC}") = "Tyuiu.TolmachevVV.Sprint4.Task0.V14.Test", "Tyuiu.TolmachevVV.Sprint4.Task0.V14.Test\Tyuiu.TolmachevVV.Sprint4.Task0.V14.Test.csproj", "{7B1F552A-E240-4CE1-8683-D55EAAE67FC0}"
EndProject
Project("{2150E333-8FDC-42A3-9474-1A3956D46DE8}") = "Task1", "Task1", "{2E40B49E-DE68-4D7A-826D-2627E9C29E4A}"
EndProject
Project("{FAE04EC0-301F-11D3-BF4B-00C04F79EFBC}") = "Tyuiu.TolmachevVV.Sprint4.Task1.V26", "Tyuiu.TolmachevVV.Sprint4.Task1.V26\Tyuiu.TolmachevVV.Sprint4.Task1.V26.csproj", "{EAD1FDE7-3DB9-4A7E-9815-83C7226EAB4E}"
EndProject
Project("{FAE04EC0-301F-11D3-BF4B-00C04F79EFBC}") = "Tyuiu.TolmachevVV.Sprint4.Task1.V26.Lib", "Tyuiu.TolmachevVV.Sprint4.Task1.V26.Lib\Tyuiu.TolmachevVV.Sprint4.Task1.V26.Lib.csproj", "{FAE90D3E-9C87-439C-88B0-6DC5EDE962DA}"
EndProject
Project("{FAE04EC0-301F-11D3-BF4B-00C04F79EFBC}") = "Tyuiu.TolmachevVV.Sprint4.Task1.V26.Test", "Tyuiu.TolmachevVV.Sprint4.Task1.V26.Test\Tyuiu.TolmachevVV.Sprint4.Task1.V26.Test.csproj", "{2FEE4856-104A-4B2E-9417-90AC90C45CF2}"
EndProject
Global
	GlobalSection(SolutionConfigurationPlatforms) = preSolution
		Debug|Any CPU = Debug|Any CPU
		Release|Any CPU = Release|Any CPU
	EndGlobalSection
	GlobalSection(ProjectConfigurationPlatforms) = postSolution
		{78D52D95-72D9-44F1-A420-A1DD79DAD742}.Debug|Any CPU.ActiveCfg = Debug|Any CPU
		{78D52D95-72D9-44F1-A420-A1DD79DAD742}.Debug|Any CPU.Build.0 = Debug|Any CPU
		{78D52D95-72D9-44F1-A420-A1DD79DAD742}.Release|Any CPU.ActiveCfg = Release|Any CPU
		{78D52D95-72D9-44F1-A420-A1DD79DAD742}.Release|Any CPU.Build.0 = Release|Any CPU
		{B24F96C5-2FAE-4673-9102-270A2172B16E}.Debug|Any CPU.ActiveCfg = Debug|Any CPU
		{B24F96C5-2FAE-4673-9102-270A2172B16E}.Debug|Any CPU.Build.0 = Debug|Any CPU
		{B24F96C5-2FAE-4673-9102-270A2172B16E}.Release|Any CPU.ActiveCfg = Release|Any CPU
		{B24F96C5-2FAE-4673-9102-270A2172B16E}.Release|Any CPU.Build.0 = Release|Any CPU
		{7B1F552A-E240-4CE1-8683-D55EAAE67FC0}.Debug|Any CPU.ActiveCfg = Debug|Any CPU
		{7B1F552A-E240-4CE1-8683-D55EAAE67FC0}.Debug|Any CPU.Build.0 = Debug|Any CPU
		{7B1F552A-E240-4CE1-8683-D55EAAE67FC0}.Release|Any CPU.ActiveCfg = Release|Any CPU
		{7B1F552A-E240-4CE1-8683-D55EAAE67FC0}.Release|Any CPU.Build.0 = Release|Any CPU
		{EAD1FDE7-3DB9-4A7E-9815-83C7226EAB4E}.Debug|Any CPU.ActiveCfg = Debug|Any CPU
		{EAD1FDE7-3DB9-4A7E-9815-83C7226EAB4E}.Debug|Any CPU.Build.0 = Debug|Any CPU
		{EAD1FDE7-3DB9-4A7E-9815-83C7226EAB4E}.Release|Any CPU.ActiveCfg = Release|Any CPU
		{EAD1FDE7-3DB9-4A7E-9815-83C7226EAB4E}.Release|Any CPU.Build.0 = Release|Any CPU
		{FAE90D3E-9C87-439C-88B0-6DC5EDE962DA}.Debug|Any CPU.ActiveCfg = Debug|Any CPU
		{FAE90D3E-9C87-439C-88B0-6DC5EDE962DA}.Debug|Any CPU.Build.0 = Debug|Any CPU
		{FAE90D3E-9C87-439C-88B0-6DC5EDE962DA}.Release|Any CPU.ActiveCfg = Release|Any CPU
		{FAE90D3E-9C87-439C-88B0-6DC5EDE962DA}.Release|Any CPU.Build.0 = Release|Any CPU
		{2FEE4856-104A-4B2E-9417-90AC90C45CF2}.Debug|Any CPU.ActiveCfg = Debug|Any CPU
		{2FEE4856-104A-4B2E-9417-90AC90C45CF2}.Debug|Any CPU.Build.0 = Debug|Any CPU
		{2FEE4856-104A-4B2E-9417-90AC90C45CF2}.Release|Any CPU.ActiveCfg = Release|Any CPU
		{2FEE4856-104A-4B2E-9417-90AC90C45CF2}.Release|Any CPU.Build.0 = Release|Any CPU
	EndGlobalSection
	GlobalSection(SolutionProperties) = preSolution
		HideSolutionNode = FALSE
	EndGlobalSection
	GlobalSection(NestedProjects) = preSolution
		{78D52D95-72D9-44F1-A420-A1DD79DAD742} = {C18D3302-8D50-4ACB-B19F-0006949CCF36}
		{B24F96C5-2FAE-4673-9102-270A2172B16E} = {C18D3302-8D50-4ACB-B19F-0006949CCF36}
		{7B1F552A-E240-4CE1-8683-D55EAAE67FC0} = {C18D3302-8D50-4ACB-B19F-0006949CCF36}
		{EAD1FDE7-3DB9-4A7E-9815-83C7226EAB4E} = {2E40B49E-DE68-4D7A-826D-2627E9C29E4A}
		{FAE90D3E-9C87-439C-88B0-6DC5EDE962DA} = {2E40B49E-DE68-4D7A-826D-2627E9C29E4A}
		{2FEE4856-104A-4B2E-9417-90AC90C45CF2} = {2E40B49E-DE68-4D7A-826D-2627E9C29E4A}
	EndGlobalSection
	GlobalSection(ExtensibilityGlobals) = postSolution
		SolutionGuid = {405FB34B-A0CE-45ED-BD5E-D8C3E88057EC}
	EndGlobalSection
EndGlobal
