
Microsoft Visual Studio Solution File, Format Version 12.00
# Visual Studio Version 16
VisualStudioVersion = 16.0.33927.289
MinimumVisualStudioVersion = 10.0.40219.1
Project("{2150E333-8FDC-42A3-9474-1A3956D46DE8}") = "Task0", "Task0", "{C18D3302-8D50-4ACB-B19F-0006949CCF36}"
EndProject
Project("{FAE04EC0-301F-11D3-BF4B-00C04F79EFBC}") = "Tyuiu.TolmachevVV.Sprint4.Task0.V14", "Tyuiu.TolmachevVV.Sprint4.Task0.V14\Tyuiu.TolmachevVV.Sprint4.Task0.V14.csproj", "{78D52D95-72D9-44F1-A420-A1DD79DAD742}"
EndProject
Project("{FAE04EC0-301F-11D3-BF4B-00C04F79EFBC}") = "Tyuiu.TolmachevVV.Sprint4.Task0.V14.Lib", "Tyuiu.TolmachevVV.Sprint4.Task0.V14.Lib\Tyuiu.TolmachevVV.Sprint4.Task0.V14.Lib.csproj", "{B24F96C5-2FAE-4673-9102-270A2172B16E}"
EndProject
Project("{FAE04EC0-301F-11D3-BF4B-00C04F79EFBC}") = "Tyuiu.TolmachevVV.Sprint4.Task0.V14.Test", "Tyuiu.TolmachevVV.Sprint4.Task0.V14.Test\Tyuiu.TolmachevVV.Sprint4.Task0.V14.Test.csproj", "{7B1F552A-E240-4CE1-8683-D55EAAE67FC0}"
EndProject
Project("{2150E333-8FDC-42A3-9474-1A3956D46DE8}") = "Task1", "Task1", "{2E40B49E-DE68-4D7A-826D-2627E9C29E4A}"
EndProject
Project("{FAE04EC0-301F-11D3-BF4B-00C04F79EFBC}") = "Tyuiu.TolmachevVV.Sprint4.Task1.V26", "Tyuiu.TolmachevVV.Sprint4.Task1.V26\Tyuiu.TolmachevVV.Sprint4.Task1.V26.csproj", "{EAD1FDE7-3DB9-4A7E-9815-83C7226EAB4E}"
EndProject
Project("{FAE04EC0-301F-11D3-BF4B-00C04F79EFBC}") = "Tyuiu.TolmachevVV.Sprint4.Task1.V26.Lib", "Tyuiu.TolmachevVV.Sprint4.Task1.V26.Lib\Tyuiu.TolmachevVV.Sprint4.Task1.V26.Lib.csproj", "{FAE90D3E-9C87-439C-88B0-6DC5EDE962DA}"
EndProject
Project("{FAE04EC0-301F-11D3-BF4B-00C04F79EFBC}") = "Tyuiu.TolmachevVV.Sprint4.Task1.V26.Test", "Tyuiu.TolmachevVV.Sprint4.Task1.V26.Test\Tyuiu.TolmachevVV.Sprint4.Task1.V26.Test.csproj", "{2FEE4856-104A-4B2E-9417-90AC90C45CF2}"
EndProject
Project("{2150E333-8FDC-42A3-9474-1A3956D46DE8}") = "Task2", "Task2", "{C611D9A6-BAB6-4D91-86FA-DA6A67E825C7}"
EndProject
Project("{FAE04EC0-301F-11D3-BF4B-00C04F79EFBC}") = "Tyuiu.TolmachevVV.Sprint4.Task2.V2", "Tyuiu.TolmachevVV.Sprint4.Task2.V2\Tyuiu.TolmachevVV.Sprint4.Task2.V2.csproj", "{1AAE8C45-E3E7-4394-9DE6-D21FB767226F}"
EndProject
Project("{FAE04EC0-301F-11D3-BF4B-00C04F79EFBC}") = "Tyuiu.TolmachevVV.Sprint4.Task2.V2.Lib", "Tyuiu.TolmachevVV.Sprint4.Task2.V2.Lib\Tyuiu.TolmachevVV.Sprint4.Task2.V2.Lib.csproj", "{1A9D031B-4287-42AE-912D-2FE2B4D875F7}"
EndProject
Project("{FAE04EC0-301F-11D3-BF4B-00C04F79EFBC}") = "Tyuiu.TolmachevVV.Sprint4.Task2.V2.Test", "Tyuiu.TolmachevVV.Sprint4.Task2.V2.Test\Tyuiu.TolmachevVV.Sprint4.Task2.V2.Test.csproj", "{ED802F4F-E9F8-4923-B941-865E4537836E}"
EndProject
Project("{2150E333-8FDC-42A3-9474-1A3956D46DE8}") = "Task3", "Task3", "{96877CCA-9486-4628-AA31-5924240E8C8D}"
EndProject
Project("{FAE04EC0-301F-11D3-BF4B-00C04F79EFBC}") = "Tyuiu.TolmachevVV.Sprint4.Task3.V22", "Tyuiu.TolmachevVV.Sprint4.Task3.V22\Tyuiu.TolmachevVV.Sprint4.Task3.V22.csproj", "{5007A0FB-B537-4A1A-B5C7-4B16AD039159}"
EndProject
Project("{FAE04EC0-301F-11D3-BF4B-00C04F79EFBC}") = "Tyuiu.TolmachevVV.Sprint4.Task3.V22.Lib", "Tyuiu.TolmachevVV.Sprint4.Task3.V22.Lib\Tyuiu.TolmachevVV.Sprint4.Task3.V22.Lib.csproj", "{BD40C8BA-022E-4AAF-89F1-171FB39F3515}"
EndProject
Project("{FAE04EC0-301F-11D3-BF4B-00C04F79EFBC}") = "Tyuiu.TolmachevVV.Sprint4.Task3.V22.Test", "Tyuiu.TolmachevVV.Sprint4.Task3.V22.Test\Tyuiu.TolmachevVV.Sprint4.Task3.V22.Test.csproj", "{92A344B0-F2B9-44F6-8A9C-A927C3BE1E51}"
EndProject
Project("{2150E333-8FDC-42A3-9474-1A3956D46DE8}") = "Task4", "Task4", "{ED5B4968-671D-4DE4-84C9-4CB24D77E867}"
EndProject
Project("{FAE04EC0-301F-11D3-BF4B-00C04F79EFBC}") = "Tyuiu.TolmachevVV.Sprint4.Task4.V6", "Tyuiu.TolmachevVV.Sprint4.Task4.V6\Tyuiu.TolmachevVV.Sprint4.Task4.V6.csproj", "{01BBD181-CCFE-4C43-8A15-AB983E13A60B}"
EndProject
Project("{FAE04EC0-301F-11D3-BF4B-00C04F79EFBC}") = "Tyuiu.TolmachevVV.Sprint4.Task4.V6.Lib", "Tyuiu.TolmachevVV.Sprint4.Task4.V6.Lib\Tyuiu.TolmachevVV.Sprint4.Task4.V6.Lib.csproj", "{ACF7E578-3EE1-4EBA-A026-DB5B9FCC934B}"
EndProject
Project("{FAE04EC0-301F-11D3-BF4B-00C04F79EFBC}") = "Tyuiu.TolmachevVV.Sprint4.Task4.V6.Test", "Tyuiu.TolmachevVV.Sprint4.Task4.V6.Test\Tyuiu.TolmachevVV.Sprint4.Task4.V6.Test.csproj", "{BF62CB16-6CCC-4E81-B850-2B5603C4E7D7}"
EndProject
Project("{2150E333-8FDC-42A3-9474-1A3956D46DE8}") = "Task5", "Task5", "{BF7E6CB7-554B-4180-AC2E-B75C3AD0203D}"
EndProject
Project("{FAE04EC0-301F-11D3-BF4B-00C04F79EFBC}") = "Tyuiu.TolmachevVV.Sprint4.Task5.V28", "Tyuiu.TolmachevVV.Sprint4.Task5.V28\Tyuiu.TolmachevVV.Sprint4.Task5.V28.csproj", "{120F5B9D-9DAF-49C2-A801-0E5C941A3E7F}"
EndProject
Project("{FAE04EC0-301F-11D3-BF4B-00C04F79EFBC}") = "Tyuiu.TolmachevVV.Sprint4.Task5.V28.Lib", "Tyuiu.TolmachevVV.Sprint4.Task5.V28.Lib\Tyuiu.TolmachevVV.Sprint4.Task5.V28.Lib.csproj", "{44C991A7-9917-431A-AED8-F72A09A2B0FA}"
EndProject
Project("{FAE04EC0-301F-11D3-BF4B-00C04F79EFBC}") = "Tyuiu.TolmachevVV.Sprint4.Task5.V28.Test", "Tyuiu.TolmachevVV.Sprint4.Task5.V28.Test\Tyuiu.TolmachevVV.Sprint4.Task5.V28.Test.csproj", "{97A82A24-8A00-457B-8DB0-B597BDC56ED0}"
EndProject
Project("{2150E333-8FDC-42A3-9474-1A3956D46DE8}") = "Task6", "Task6", "{E8B58D4E-64A9-440D-BAC8-42EA30E90467}"
EndProject
Project("{FAE04EC0-301F-11D3-BF4B-00C04F79EFBC}") = "Tyuiu.TolmachevVV.Sprint4.Task6.V2", "Tyuiu.TolmachevVV.Sprint4.Task6.V2\Tyuiu.TolmachevVV.Sprint4.Task6.V2.csproj", "{EAC2436F-C58F-494A-B00F-0494C30A5E3C}"
EndProject
Project("{FAE04EC0-301F-11D3-BF4B-00C04F79EFBC}") = "Tyuiu.TolmachevVV.Sprint4.Task6.V2.Lib", "Tyuiu.TolmachevVV.Sprint4.Task6.V2.Lib\Tyuiu.TolmachevVV.Sprint4.Task6.V2.Lib.csproj", "{B902F9CF-02BB-423F-A630-A770511639AC}"
EndProject
Project("{FAE04EC0-301F-11D3-BF4B-00C04F79EFBC}") = "Tyuiu.TolmachevVV.Sprint4.Task6.V2.Test", "Tyuiu.TolmachevVV.Sprint4.Task6.V2.Test\Tyuiu.TolmachevVV.Sprint4.Task6.V2.Test.csproj", "{599A0C86-B5CA-4340-83E5-149A19A018D1}"
EndProject
Global
	GlobalSection(SolutionConfigurationPlatforms) = preSolution
		Debug|Any CPU = Debug|Any CPU
		Release|Any CPU = Release|Any CPU
	EndGlobalSection
	GlobalSection(ProjectConfigurationPlatforms) = postSolution
		{78D52D95-72D9-44F1-A420-A1DD79DAD742}.Debug|Any CPU.ActiveCfg = Debug|Any CPU
		{78D52D95-72D9-44F1-A420-A1DD79DAD742}.Debug|Any CPU.Build.0 = Debug|Any CPU
		{78D52D95-72D9-44F1-A420-A1DD79DAD742}.Release|Any CPU.ActiveCfg = Release|Any CPU
		{78D52D95-72D9-44F1-A420-A1DD79DAD742}.Release|Any CPU.Build.0 = Release|Any CPU
		{B24F96C5-2FAE-4673-9102-270A2172B16E}.Debug|Any CPU.ActiveCfg = Debug|Any CPU
		{B24F96C5-2FAE-4673-9102-270A2172B16E}.Debug|Any CPU.Build.0 = Debug|Any CPU
		{B24F96C5-2FAE-4673-9102-270A2172B16E}.Release|Any CPU.ActiveCfg = Release|Any CPU
		{B24F96C5-2FAE-4673-9102-270A2172B16E}.Release|Any CPU.Build.0 = Release|Any CPU
		{7B1F552A-E240-4CE1-8683-D55EAAE67FC0}.Debug|Any CPU.ActiveCfg = Debug|Any CPU
		{7B1F552A-E240-4CE1-8683-D55EAAE67FC0}.Debug|Any CPU.Build.0 = Debug|Any CPU
		{7B1F552A-E240-4CE1-8683-D55EAAE67FC0}.Release|Any CPU.ActiveCfg = Release|Any CPU
		{7B1F552A-E240-4CE1-8683-D55EAAE67FC0}.Release|Any CPU.Build.0 = Release|Any CPU
		{EAD1FDE7-3DB9-4A7E-9815-83C7226EAB4E}.Debug|Any CPU.ActiveCfg = Debug|Any CPU
		{EAD1FDE7-3DB9-4A7E-9815-83C7226EAB4E}.Debug|Any CPU.Build.0 = Debug|Any CPU
		{EAD1FDE7-3DB9-4A7E-9815-83C7226EAB4E}.Release|Any CPU.ActiveCfg = Release|Any CPU
		{EAD1FDE7-3DB9-4A7E-9815-83C7226EAB4E}.Release|Any CPU.Build.0 = Release|Any CPU
		{FAE90D3E-9C87-439C-88B0-6DC5EDE962DA}.Debug|Any CPU.ActiveCfg = Debug|Any CPU
		{FAE90D3E-9C87-439C-88B0-6DC5EDE962DA}.Debug|Any CPU.Build.0 = Debug|Any CPU
		{FAE90D3E-9C87-439C-88B0-6DC5EDE962DA}.Release|Any CPU.ActiveCfg = Release|Any CPU
		{FAE90D3E-9C87-439C-88B0-6DC5EDE962DA}.Release|Any CPU.Build.0 = Release|Any CPU
		{2FEE4856-104A-4B2E-9417-90AC90C45CF2}.Debug|Any CPU.ActiveCfg = Debug|Any CPU
		{2FEE4856-104A-4B2E-9417-90AC90C45CF2}.Debug|Any CPU.Build.0 = Debug|Any CPU
		{2FEE4856-104A-4B2E-9417-90AC90C45CF2}.Release|Any CPU.ActiveCfg = Release|Any CPU
		{2FEE4856-104A-4B2E-9417-90AC90C45CF2}.Release|Any CPU.Build.0 = Release|Any CPU
		{1AAE8C45-E3E7-4394-9DE6-D21FB767226F}.Debug|Any CPU.ActiveCfg = Debug|Any CPU
		{1AAE8C45-E3E7-4394-9DE6-D21FB767226F}.Debug|Any CPU.Build.0 = Debug|Any CPU
		{1AAE8C45-E3E7-4394-9DE6-D21FB767226F}.Release|Any CPU.ActiveCfg = Release|Any CPU
		{1AAE8C45-E3E7-4394-9DE6-D21FB767226F}.Release|Any CPU.Build.0 = Release|Any CPU
		{1A9D031B-4287-42AE-912D-2FE2B4D875F7}.Debug|Any CPU.ActiveCfg = Debug|Any CPU
		{1A9D031B-4287-42AE-912D-2FE2B4D875F7}.Debug|Any CPU.Build.0 = Debug|Any CPU
		{1A9D031B-4287-42AE-912D-2FE2B4D875F7}.Release|Any CPU.ActiveCfg = Release|Any CPU
		{1A9D031B-4287-42AE-912D-2FE2B4D875F7}.Release|Any CPU.Build.0 = Release|Any CPU
		{ED802F4F-E9F8-4923-B941-865E4537836E}.Debug|Any CPU.ActiveCfg = Debug|Any CPU
		{ED802F4F-E9F8-4923-B941-865E4537836E}.Debug|Any CPU.Build.0 = Debug|Any CPU
		{ED802F4F-E9F8-4923-B941-865E4537836E}.Release|Any CPU.ActiveCfg = Release|Any CPU
		{ED802F4F-E9F8-4923-B941-865E4537836E}.Release|Any CPU.Build.0 = Release|Any CPU
		{5007A0FB-B537-4A1A-B5C7-4B16AD039159}.Debug|Any CPU.ActiveCfg = Debug|Any CPU
		{5007A0FB-B537-4A1A-B5C7-4B16AD039159}.Debug|Any CPU.Build.0 = Debug|Any CPU
		{5007A0FB-B537-4A1A-B5C7-4B16AD039159}.Release|Any CPU.ActiveCfg = Release|Any CPU
		{5007A0FB-B537-4A1A-B5C7-4B16AD039159}.Release|Any CPU.Build.0 = Release|Any CPU
		{BD40C8BA-022E-4AAF-89F1-171FB39F3515}.Debug|Any CPU.ActiveCfg = Debug|Any CPU
		{BD40C8BA-022E-4AAF-89F1-171FB39F3515}.Debug|Any CPU.Build.0 = Debug|Any CPU
		{BD40C8BA-022E-4AAF-89F1-171FB39F3515}.Release|Any CPU.ActiveCfg = Release|Any CPU
		{BD40C8BA-022E-4AAF-89F1-171FB39F3515}.Release|Any CPU.Build.0 = Release|Any CPU
		{92A344B0-F2B9-44F6-8A9C-A927C3BE1E51}.Debug|Any CPU.ActiveCfg = Debug|Any CPU
		{92A344B0-F2B9-44F6-8A9C-A927C3BE1E51}.Debug|Any CPU.Build.0 = Debug|Any CPU
		{92A344B0-F2B9-44F6-8A9C-A927C3BE1E51}.Release|Any CPU.ActiveCfg = Release|Any CPU
		{92A344B0-F2B9-44F6-8A9C-A927C3BE1E51}.Release|Any CPU.Build.0 = Release|Any CPU
		{01BBD181-CCFE-4C43-8A15-AB983E13A60B}.Debug|Any CPU.ActiveCfg = Debug|Any CPU
		{01BBD181-CCFE-4C43-8A15-AB983E13A60B}.Debug|Any CPU.Build.0 = Debug|Any CPU
		{01BBD181-CCFE-4C43-8A15-AB983E13A60B}.Release|Any CPU.ActiveCfg = Release|Any CPU
		{01BBD181-CCFE-4C43-8A15-AB983E13A60B}.Release|Any CPU.Build.0 = Release|Any CPU
		{ACF7E578-3EE1-4EBA-A026-DB5B9FCC934B}.Debug|Any CPU.ActiveCfg = Debug|Any CPU
		{ACF7E578-3EE1-4EBA-A026-DB5B9FCC934B}.Debug|Any CPU.Build.0 = Debug|Any CPU
		{ACF7E578-3EE1-4EBA-A026-DB5B9FCC934B}.Release|Any CPU.ActiveCfg = Release|Any CPU
		{ACF7E578-3EE1-4EBA-A026-DB5B9FCC934B}.Release|Any CPU.Build.0 = Release|Any CPU
		{BF62CB16-6CCC-4E81-B850-2B5603C4E7D7}.Debug|Any CPU.ActiveCfg = Debug|Any CPU
		{BF62CB16-6CCC-4E81-B850-2B5603C4E7D7}.Debug|Any CPU.Build.0 = Debug|Any CPU
		{BF62CB16-6CCC-4E81-B850-2B5603C4E7D7}.Release|Any CPU.ActiveCfg = Release|Any CPU
		{BF62CB16-6CCC-4E81-B850-2B5603C4E7D7}.Release|Any CPU.Build.0 = Release|Any CPU
		{120F5B9D-9DAF-49C2-A801-0E5C941A3E7F}.Debug|Any CPU.ActiveCfg = Debug|Any CPU
		{120F5B9D-9DAF-49C2-A801-0E5C941A3E7F}.Debug|Any CPU.Build.0 = Debug|Any CPU
		{120F5B9D-9DAF-49C2-A801-0E5C941A3E7F}.Release|Any CPU.ActiveCfg = Release|Any CPU
		{120F5B9D-9DAF-49C2-A801-0E5C941A3E7F}.Release|Any CPU.Build.0 = Release|Any CPU
		{44C991A7-9917-431A-AED8-F72A09A2B0FA}.Debug|Any CPU.ActiveCfg = Debug|Any CPU
		{44C991A7-9917-431A-AED8-F72A09A2B0FA}.Debug|Any CPU.Build.0 = Debug|Any CPU
		{44C991A7-9917-431A-AED8-F72A09A2B0FA}.Release|Any CPU.ActiveCfg = Release|Any CPU
		{44C991A7-9917-431A-AED8-F72A09A2B0FA}.Release|Any CPU.Build.0 = Release|Any CPU
		{97A82A24-8A00-457B-8DB0-B597BDC56ED0}.Debug|Any CPU.ActiveCfg = Debug|Any CPU
		{97A82A24-8A00-457B-8DB0-B597BDC56ED0}.Debug|Any CPU.Build.0 = Debug|Any CPU
		{97A82A24-8A00-457B-8DB0-B597BDC56ED0}.Release|Any CPU.ActiveCfg = Release|Any CPU
		{97A82A24-8A00-457B-8DB0-B597BDC56ED0}.Release|Any CPU.Build.0 = Release|Any CPU
		{EAC2436F-C58F-494A-B00F-0494C30A5E3C}.Debug|Any CPU.ActiveCfg = Debug|Any CPU
		{EAC2436F-C58F-494A-B00F-0494C30A5E3C}.Debug|Any CPU.Build.0 = Debug|Any CPU
		{EAC2436F-C58F-494A-B00F-0494C30A5E3C}.Release|Any CPU.ActiveCfg = Release|Any CPU
		{EAC2436F-C58F-494A-B00F-0494C30A5E3C}.Release|Any CPU.Build.0 = Release|Any CPU
		{B902F9CF-02BB-423F-A630-A770511639AC}.Debug|Any CPU.ActiveCfg = Debug|Any CPU
		{B902F9CF-02BB-423F-A630-A770511639AC}.Debug|Any CPU.Build.0 = Debug|Any CPU
		{B902F9CF-02BB-423F-A630-A770511639AC}.Release|Any CPU.ActiveCfg = Release|Any CPU
		{B902F9CF-02BB-423F-A630-A770511639AC}.Release|Any CPU.Build.0 = Release|Any CPU
		{599A0C86-B5CA-4340-83E5-149A19A018D1}.Debug|Any CPU.ActiveCfg = Debug|Any CPU
		{599A0C86-B5CA-4340-83E5-149A19A018D1}.Debug|Any CPU.Build.0 = Debug|Any CPU
		{599A0C86-B5CA-4340-83E5-149A19A018D1}.Release|Any CPU.ActiveCfg = Release|Any CPU
		{599A0C86-B5CA-4340-83E5-149A19A018D1}.Release|Any CPU.Build.0 = Release|Any CPU
	EndGlobalSection
	GlobalSection(SolutionProperties) = preSolution
		HideSolutionNode = FALSE
	EndGlobalSection
	GlobalSection(NestedProjects) = preSolution
		{78D52D95-72D9-44F1-A420-A1DD79DAD742} = {C18D3302-8D50-4ACB-B19F-0006949CCF36}
		{B24F96C5-2FAE-4673-9102-270A2172B16E} = {C18D3302-8D50-4ACB-B19F-0006949CCF36}
		{7B1F552A-E240-4CE1-8683-D55EAAE67FC0} = {C18D3302-8D50-4ACB-B19F-0006949CCF36}
		{EAD1FDE7-3DB9-4A7E-9815-83C7226EAB4E} = {2E40B49E-DE68-4D7A-826D-2627E9C29E4A}
		{FAE90D3E-9C87-439C-88B0-6DC5EDE962DA} = {2E40B49E-DE68-4D7A-826D-2627E9C29E4A}
		{2FEE4856-104A-4B2E-9417-90AC90C45CF2} = {2E40B49E-DE68-4D7A-826D-2627E9C29E4A}
		{1AAE8C45-E3E7-4394-9DE6-D21FB767226F} = {C611D9A6-BAB6-4D91-86FA-DA6A67E825C7}
		{1A9D031B-4287-42AE-912D-2FE2B4D875F7} = {C611D9A6-BAB6-4D91-86FA-DA6A67E825C7}
		{ED802F4F-E9F8-4923-B941-865E4537836E} = {C611D9A6-BAB6-4D91-86FA-DA6A67E825C7}
		{5007A0FB-B537-4A1A-B5C7-4B16AD039159} = {96877CCA-9486-4628-AA31-5924240E8C8D}
		{BD40C8BA-022E-4AAF-89F1-171FB39F3515} = {96877CCA-9486-4628-AA31-5924240E8C8D}
		{92A344B0-F2B9-44F6-8A9C-A927C3BE1E51} = {96877CCA-9486-4628-AA31-5924240E8C8D}
		{01BBD181-CCFE-4C43-8A15-AB983E13A60B} = {ED5B4968-671D-4DE4-84C9-4CB24D77E867}
		{ACF7E578-3EE1-4EBA-A026-DB5B9FCC934B} = {ED5B4968-671D-4DE4-84C9-4CB24D77E867}
		{BF62CB16-6CCC-4E81-B850-2B5603C4E7D7} = {ED5B4968-671D-4DE4-84C9-4CB24D77E867}
		{120F5B9D-9DAF-49C2-A801-0E5C941A3E7F} = {BF7E6CB7-554B-4180-AC2E-B75C3AD0203D}
		{44C991A7-9917-431A-AED8-F72A09A2B0FA} = {BF7E6CB7-554B-4180-AC2E-B75C3AD0203D}
		{97A82A24-8A00-457B-8DB0-B597BDC56ED0} = {BF7E6CB7-554B-4180-AC2E-B75C3AD0203D}
		{EAC2436F-C58F-494A-B00F-0494C30A5E3C} = {E8B58D4E-64A9-440D-BAC8-42EA30E90467}
		{B902F9CF-02BB-423F-A630-A770511639AC} = {E8B58D4E-64A9-440D-BAC8-42EA30E90467}
		{599A0C86-B5CA-4340-83E5-149A19A018D1} = {E8B58D4E-64A9-440D-BAC8-42EA30E90467}
	EndGlobalSection
	GlobalSection(ExtensibilityGlobals) = postSolution
		SolutionGuid = {405FB34B-A0CE-45ED-BD5E-D8C3E88057EC}
	EndGlobalSection
EndGlobal
